// !$*UTF8*$!
{
	archiveVersion = 1;
	classes = {
	};
	objectVersion = 50;
	objects = {

/* Begin PBXBuildFile section */
		CF0BA6782660785A004FBDF7 /* DDGButton.swift in Sources */ = {isa = PBXBuildFile; fileRef = CF0BA6772660785A004FBDF7 /* DDGButton.swift */; };
		CF210B542665A9FE00D7A680 /* DDGLocation.swift in Sources */ = {isa = PBXBuildFile; fileRef = CF210B532665A9FE00D7A680 /* DDGLocation.swift */; };
		CF210B562665AE0000D7A680 /* DDGProfile.swift in Sources */ = {isa = PBXBuildFile; fileRef = CF210B552665AE0000D7A680 /* DDGProfile.swift */; };
		CF210B582665AF9300D7A680 /* MockData.swift in Sources */ = {isa = PBXBuildFile; fileRef = CF210B572665AF9300D7A680 /* MockData.swift */; };
		CF210B5B26665C2200D7A680 /* CloudKitManager.swift in Sources */ = {isa = PBXBuildFile; fileRef = CF210B5A26665C2200D7A680 /* CloudKitManager.swift */; };
		CF210B5D26665D1B00D7A680 /* Constants.swift in Sources */ = {isa = PBXBuildFile; fileRef = CF210B5C26665D1B00D7A680 /* Constants.swift */; };
		CF210B5F2666623A00D7A680 /* AlertItem.swift in Sources */ = {isa = PBXBuildFile; fileRef = CF210B5E2666623A00D7A680 /* AlertItem.swift */; };
		CF210B622666693400D7A680 /* LocationMapViewModel.swift in Sources */ = {isa = PBXBuildFile; fileRef = CF210B612666693400D7A680 /* LocationMapViewModel.swift */; };
		CF2B811B265F1667001E1916 /* LocationCell.swift in Sources */ = {isa = PBXBuildFile; fileRef = CF2B811A265F1667001E1916 /* LocationCell.swift */; };
		CF2B811D265F16B8001E1916 /* AvatarView.swift in Sources */ = {isa = PBXBuildFile; fileRef = CF2B811C265F16B8001E1916 /* AvatarView.swift */; };
		CF2B811F265FD151001E1916 /* CustomModifiers.swift in Sources */ = {isa = PBXBuildFile; fileRef = CF2B811E265FD151001E1916 /* CustomModifiers.swift */; };
		CF2B8121265FD19F001E1916 /* View+Ext.swift in Sources */ = {isa = PBXBuildFile; fileRef = CF2B8120265FD19F001E1916 /* View+Ext.swift */; };
		CF303E59268950B90009A706 /* OnboardingView.swift in Sources */ = {isa = PBXBuildFile; fileRef = CF303E58268950B90009A706 /* OnboardingView.swift */; };
		CF303E5B2689522B0009A706 /* LogoView.swift in Sources */ = {isa = PBXBuildFile; fileRef = CF303E5A2689522B0009A706 /* LogoView.swift */; };
		CF303E5E2689574B0009A706 /* XDismissButton.swift in Sources */ = {isa = PBXBuildFile; fileRef = CF303E5D2689574B0009A706 /* XDismissButton.swift */; };
		CF415258265B198900266F26 /* DubDubGrubApp.swift in Sources */ = {isa = PBXBuildFile; fileRef = CF415257265B198900266F26 /* DubDubGrubApp.swift */; };
		CF41525C265B198C00266F26 /* Assets.xcassets in Resources */ = {isa = PBXBuildFile; fileRef = CF41525B265B198C00266F26 /* Assets.xcassets */; };
		CF41525F265B198C00266F26 /* Preview Assets.xcassets in Resources */ = {isa = PBXBuildFile; fileRef = CF41525E265B198C00266F26 /* Preview Assets.xcassets */; };
		CF415269265B1A1B00266F26 /* CloudKit.framework in Frameworks */ = {isa = PBXBuildFile; fileRef = CF415268265B1A1B00266F26 /* CloudKit.framework */; };
		CF41526B265B1CED00266F26 /* Color+Ext.swift in Sources */ = {isa = PBXBuildFile; fileRef = CF41526A265B1CED00266F26 /* Color+Ext.swift */; };
		CF41526D265B1D3300266F26 /* AppTabView.swift in Sources */ = {isa = PBXBuildFile; fileRef = CF41526C265B1D3200266F26 /* AppTabView.swift */; };
		CF41526F265B1D6E00266F26 /* LocationMapView.swift in Sources */ = {isa = PBXBuildFile; fileRef = CF41526E265B1D6E00266F26 /* LocationMapView.swift */; };
		CF415271265B1D8A00266F26 /* LocationListView.swift in Sources */ = {isa = PBXBuildFile; fileRef = CF415270265B1D8A00266F26 /* LocationListView.swift */; };
		CF415273265B1D9A00266F26 /* ProfileView.swift in Sources */ = {isa = PBXBuildFile; fileRef = CF415272265B1D9A00266F26 /* ProfileView.swift */; };
		CF415275265B41F000266F26 /* LocationDetailView.swift in Sources */ = {isa = PBXBuildFile; fileRef = CF415274265B41F000266F26 /* LocationDetailView.swift */; };
		CF9D9FEB26687BA0008ADFFF /* LocationManager.swift in Sources */ = {isa = PBXBuildFile; fileRef = CF9D9FEA26687BA0008ADFFF /* LocationManager.swift */; };
		CF9D9FED266963FF008ADFFF /* CKAsset+Ext.swift in Sources */ = {isa = PBXBuildFile; fileRef = CF9D9FEC266963FF008ADFFF /* CKAsset+Ext.swift */; };
/* End PBXBuildFile section */

/* Begin PBXFileReference section */
		CF0BA6772660785A004FBDF7 /* DDGButton.swift */ = {isa = PBXFileReference; lastKnownFileType = sourcecode.swift; path = DDGButton.swift; sourceTree = "<group>"; };
		CF210B532665A9FE00D7A680 /* DDGLocation.swift */ = {isa = PBXFileReference; lastKnownFileType = sourcecode.swift; path = DDGLocation.swift; sourceTree = "<group>"; };
		CF210B552665AE0000D7A680 /* DDGProfile.swift */ = {isa = PBXFileReference; lastKnownFileType = sourcecode.swift; path = DDGProfile.swift; sourceTree = "<group>"; };
		CF210B572665AF9300D7A680 /* MockData.swift */ = {isa = PBXFileReference; lastKnownFileType = sourcecode.swift; path = MockData.swift; sourceTree = "<group>"; };
		CF210B5A26665C2200D7A680 /* CloudKitManager.swift */ = {isa = PBXFileReference; lastKnownFileType = sourcecode.swift; path = CloudKitManager.swift; sourceTree = "<group>"; };
		CF210B5C26665D1B00D7A680 /* Constants.swift */ = {isa = PBXFileReference; lastKnownFileType = sourcecode.swift; path = Constants.swift; sourceTree = "<group>"; };
		CF210B5E2666623A00D7A680 /* AlertItem.swift */ = {isa = PBXFileReference; lastKnownFileType = sourcecode.swift; path = AlertItem.swift; sourceTree = "<group>"; };
		CF210B612666693400D7A680 /* LocationMapViewModel.swift */ = {isa = PBXFileReference; lastKnownFileType = sourcecode.swift; path = LocationMapViewModel.swift; sourceTree = "<group>"; };
		CF2B811A265F1667001E1916 /* LocationCell.swift */ = {isa = PBXFileReference; lastKnownFileType = sourcecode.swift; path = LocationCell.swift; sourceTree = "<group>"; };
		CF2B811C265F16B8001E1916 /* AvatarView.swift */ = {isa = PBXFileReference; lastKnownFileType = sourcecode.swift; path = AvatarView.swift; sourceTree = "<group>"; };
		CF2B811E265FD151001E1916 /* CustomModifiers.swift */ = {isa = PBXFileReference; lastKnownFileType = sourcecode.swift; path = CustomModifiers.swift; sourceTree = "<group>"; };
		CF2B8120265FD19F001E1916 /* View+Ext.swift */ = {isa = PBXFileReference; lastKnownFileType = sourcecode.swift; path = "View+Ext.swift"; sourceTree = "<group>"; };
		CF303E58268950B90009A706 /* OnboardingView.swift */ = {isa = PBXFileReference; lastKnownFileType = sourcecode.swift; path = OnboardingView.swift; sourceTree = "<group>"; };
		CF303E5A2689522B0009A706 /* LogoView.swift */ = {isa = PBXFileReference; lastKnownFileType = sourcecode.swift; path = LogoView.swift; sourceTree = "<group>"; };
		CF303E5D2689574B0009A706 /* XDismissButton.swift */ = {isa = PBXFileReference; lastKnownFileType = sourcecode.swift; path = XDismissButton.swift; sourceTree = "<group>"; };
		CF415254265B198900266F26 /* DubDubGrub.app */ = {isa = PBXFileReference; explicitFileType = wrapper.application; includeInIndex = 0; path = DubDubGrub.app; sourceTree = BUILT_PRODUCTS_DIR; };
		CF415257265B198900266F26 /* DubDubGrubApp.swift */ = {isa = PBXFileReference; lastKnownFileType = sourcecode.swift; path = DubDubGrubApp.swift; sourceTree = "<group>"; };
		CF41525B265B198C00266F26 /* Assets.xcassets */ = {isa = PBXFileReference; lastKnownFileType = folder.assetcatalog; path = Assets.xcassets; sourceTree = "<group>"; };
		CF41525E265B198C00266F26 /* Preview Assets.xcassets */ = {isa = PBXFileReference; lastKnownFileType = folder.assetcatalog; path = "Preview Assets.xcassets"; sourceTree = "<group>"; };
		CF415260265B198C00266F26 /* Info.plist */ = {isa = PBXFileReference; lastKnownFileType = text.plist.xml; path = Info.plist; sourceTree = "<group>"; };
		CF415266265B1A0F00266F26 /* DubDubGrub.entitlements */ = {isa = PBXFileReference; lastKnownFileType = text.plist.entitlements; path = DubDubGrub.entitlements; sourceTree = "<group>"; };
		CF415268265B1A1B00266F26 /* CloudKit.framework */ = {isa = PBXFileReference; lastKnownFileType = wrapper.framework; name = CloudKit.framework; path = System/Library/Frameworks/CloudKit.framework; sourceTree = SDKROOT; };
		CF41526A265B1CED00266F26 /* Color+Ext.swift */ = {isa = PBXFileReference; lastKnownFileType = sourcecode.swift; path = "Color+Ext.swift"; sourceTree = "<group>"; };
		CF41526C265B1D3200266F26 /* AppTabView.swift */ = {isa = PBXFileReference; lastKnownFileType = sourcecode.swift; path = AppTabView.swift; sourceTree = "<group>"; };
		CF41526E265B1D6E00266F26 /* LocationMapView.swift */ = {isa = PBXFileReference; lastKnownFileType = sourcecode.swift; path = LocationMapView.swift; sourceTree = "<group>"; };
		CF415270265B1D8A00266F26 /* LocationListView.swift */ = {isa = PBXFileReference; lastKnownFileType = sourcecode.swift; path = LocationListView.swift; sourceTree = "<group>"; };
		CF415272265B1D9A00266F26 /* ProfileView.swift */ = {isa = PBXFileReference; lastKnownFileType = sourcecode.swift; path = ProfileView.swift; sourceTree = "<group>"; };
		CF415274265B41F000266F26 /* LocationDetailView.swift */ = {isa = PBXFileReference; lastKnownFileType = sourcecode.swift; path = LocationDetailView.swift; sourceTree = "<group>"; };
		CF9D9FEA26687BA0008ADFFF /* LocationManager.swift */ = {isa = PBXFileReference; lastKnownFileType = sourcecode.swift; path = LocationManager.swift; sourceTree = "<group>"; };
		CF9D9FEC266963FF008ADFFF /* CKAsset+Ext.swift */ = {isa = PBXFileReference; lastKnownFileType = sourcecode.swift; path = "CKAsset+Ext.swift"; sourceTree = "<group>"; };
/* End PBXFileReference section */

/* Begin PBXFrameworksBuildPhase section */
		CF415251265B198900266F26 /* Frameworks */ = {
			isa = PBXFrameworksBuildPhase;
			buildActionMask = 2147483647;
			files = (
				CF415269265B1A1B00266F26 /* CloudKit.framework in Frameworks */,
			);
			runOnlyForDeploymentPostprocessing = 0;
		};
/* End PBXFrameworksBuildPhase section */

/* Begin PBXGroup section */
		CF0BA67926607A4E004FBDF7 /* Extensions */ = {
			isa = PBXGroup;
			children = (
				CF41526A265B1CED00266F26 /* Color+Ext.swift */,
				CF2B8120265FD19F001E1916 /* View+Ext.swift */,
				CF9D9FEC266963FF008ADFFF /* CKAsset+Ext.swift */,
			);
			path = Extensions;
			sourceTree = "<group>";
		};
		CF0BA67A26607B8F004FBDF7 /* Screens */ = {
			isa = PBXGroup;
			children = (
				CF210B602666691A00D7A680 /* LocationMapView */,
				CF41526C265B1D3200266F26 /* AppTabView.swift */,
				CF415270265B1D8A00266F26 /* LocationListView.swift */,
				CF415274265B41F000266F26 /* LocationDetailView.swift */,
				CF415272265B1D9A00266F26 /* ProfileView.swift */,
				CF303E58268950B90009A706 /* OnboardingView.swift */,
			);
			path = Screens;
			sourceTree = "<group>";
		};
		CF0BA67B26607BA6004FBDF7 /* Views */ = {
			isa = PBXGroup;
			children = (
				CF2B811E265FD151001E1916 /* CustomModifiers.swift */,
				CF0BA67D26607C0F004FBDF7 /* CustomViews */,
				CF0BA67C26607BF6004FBDF7 /* Cells */,
				CF0BA67926607A4E004FBDF7 /* Extensions */,
				CF0BA67A26607B8F004FBDF7 /* Screens */,
			);
			path = Views;
			sourceTree = "<group>";
		};
		CF0BA67C26607BF6004FBDF7 /* Cells */ = {
			isa = PBXGroup;
			children = (
				CF2B811A265F1667001E1916 /* LocationCell.swift */,
			);
			path = Cells;
			sourceTree = "<group>";
		};
		CF0BA67D26607C0F004FBDF7 /* CustomViews */ = {
			isa = PBXGroup;
			children = (
				CF303E5C268957330009A706 /* Buttons */,
				CF2B811C265F16B8001E1916 /* AvatarView.swift */,
				CF0BA6772660785A004FBDF7 /* DDGButton.swift */,
				CF303E5A2689522B0009A706 /* LogoView.swift */,
			);
			path = CustomViews;
			sourceTree = "<group>";
		};
		CF210B522665A9EF00D7A680 /* Model */ = {
			isa = PBXGroup;
			children = (
				CF210B532665A9FE00D7A680 /* DDGLocation.swift */,
				CF210B552665AE0000D7A680 /* DDGProfile.swift */,
				CF210B572665AF9300D7A680 /* MockData.swift */,
			);
			path = Model;
			sourceTree = "<group>";
		};
		CF210B5926665C0300D7A680 /* Utilities */ = {
			isa = PBXGroup;
			children = (
				CF9D9FE926687B82008ADFFF /* Managers */,
				CF210B5C26665D1B00D7A680 /* Constants.swift */,
				CF210B5E2666623A00D7A680 /* AlertItem.swift */,
			);
			path = Utilities;
			sourceTree = "<group>";
		};
		CF210B602666691A00D7A680 /* LocationMapView */ = {
			isa = PBXGroup;
			children = (
				CF210B612666693400D7A680 /* LocationMapViewModel.swift */,
				CF41526E265B1D6E00266F26 /* LocationMapView.swift */,
			);
			path = LocationMapView;
			sourceTree = "<group>";
		};
		CF303E5C268957330009A706 /* Buttons */ = {
			isa = PBXGroup;
			children = (
				CF303E5D2689574B0009A706 /* XDismissButton.swift */,
			);
			path = Buttons;
			sourceTree = "<group>";
		};
		CF41524B265B198900266F26 = {
			isa = PBXGroup;
			children = (
				CF415256265B198900266F26 /* DubDubGrub */,
				CF415255265B198900266F26 /* Products */,
				CF415267265B1A1B00266F26 /* Frameworks */,
			);
			sourceTree = "<group>";
		};
		CF415255265B198900266F26 /* Products */ = {
			isa = PBXGroup;
			children = (
				CF415254265B198900266F26 /* DubDubGrub.app */,
			);
			name = Products;
			sourceTree = "<group>";
		};
		CF415256265B198900266F26 /* DubDubGrub */ = {
			isa = PBXGroup;
			children = (
				CF210B5926665C0300D7A680 /* Utilities */,
				CF210B522665A9EF00D7A680 /* Model */,
				CF0BA67B26607BA6004FBDF7 /* Views */,
				CF415266265B1A0F00266F26 /* DubDubGrub.entitlements */,
				CF415257265B198900266F26 /* DubDubGrubApp.swift */,
				CF41525B265B198C00266F26 /* Assets.xcassets */,
				CF415260265B198C00266F26 /* Info.plist */,
				CF41525D265B198C00266F26 /* Preview Content */,
			);
			path = DubDubGrub;
			sourceTree = "<group>";
		};
		CF41525D265B198C00266F26 /* Preview Content */ = {
			isa = PBXGroup;
			children = (
				CF41525E265B198C00266F26 /* Preview Assets.xcassets */,
			);
			path = "Preview Content";
			sourceTree = "<group>";
		};
		CF415267265B1A1B00266F26 /* Frameworks */ = {
			isa = PBXGroup;
			children = (
				CF415268265B1A1B00266F26 /* CloudKit.framework */,
			);
			name = Frameworks;
			sourceTree = "<group>";
		};
		CF9D9FE926687B82008ADFFF /* Managers */ = {
			isa = PBXGroup;
			children = (
				CF210B5A26665C2200D7A680 /* CloudKitManager.swift */,
				CF9D9FEA26687BA0008ADFFF /* LocationManager.swift */,
			);
			path = Managers;
			sourceTree = "<group>";
		};
/* End PBXGroup section */

/* Begin PBXNativeTarget section */
		CF415253265B198900266F26 /* DubDubGrub */ = {
			isa = PBXNativeTarget;
			buildConfigurationList = CF415263265B198C00266F26 /* Build configuration list for PBXNativeTarget "DubDubGrub" */;
			buildPhases = (
				CF415250265B198900266F26 /* Sources */,
				CF415251265B198900266F26 /* Frameworks */,
				CF415252265B198900266F26 /* Resources */,
			);
			buildRules = (
			);
			dependencies = (
			);
			name = DubDubGrub;
			productName = DubDubGrub;
			productReference = CF415254265B198900266F26 /* DubDubGrub.app */;
			productType = "com.apple.product-type.application";
		};
/* End PBXNativeTarget section */

/* Begin PBXProject section */
		CF41524C265B198900266F26 /* Project object */ = {
			isa = PBXProject;
			attributes = {
				LastSwiftUpdateCheck = 1250;
				LastUpgradeCheck = 1250;
				TargetAttributes = {
					CF415253265B198900266F26 = {
						CreatedOnToolsVersion = 12.5;
					};
				};
			};
			buildConfigurationList = CF41524F265B198900266F26 /* Build configuration list for PBXProject "DubDubGrub" */;
			compatibilityVersion = "Xcode 9.3";
			developmentRegion = en;
			hasScannedForEncodings = 0;
			knownRegions = (
				en,
				Base,
			);
			mainGroup = CF41524B265B198900266F26;
			productRefGroup = CF415255265B198900266F26 /* Products */;
			projectDirPath = "";
			projectRoot = "";
			targets = (
				CF415253265B198900266F26 /* DubDubGrub */,
			);
		};
/* End PBXProject section */

/* Begin PBXResourcesBuildPhase section */
		CF415252265B198900266F26 /* Resources */ = {
			isa = PBXResourcesBuildPhase;
			buildActionMask = 2147483647;
			files = (
				CF41525F265B198C00266F26 /* Preview Assets.xcassets in Resources */,
				CF41525C265B198C00266F26 /* Assets.xcassets in Resources */,
			);
			runOnlyForDeploymentPostprocessing = 0;
		};
/* End PBXResourcesBuildPhase section */

/* Begin PBXSourcesBuildPhase section */
		CF415250265B198900266F26 /* Sources */ = {
			isa = PBXSourcesBuildPhase;
			buildActionMask = 2147483647;
			files = (
				CF415258265B198900266F26 /* DubDubGrubApp.swift in Sources */,
				CF210B5D26665D1B00D7A680 /* Constants.swift in Sources */,
				CF9D9FED266963FF008ADFFF /* CKAsset+Ext.swift in Sources */,
				CF2B811F265FD151001E1916 /* CustomModifiers.swift in Sources */,
				CF41526F265B1D6E00266F26 /* LocationMapView.swift in Sources */,
				CF415271265B1D8A00266F26 /* LocationListView.swift in Sources */,
				CF303E5B2689522B0009A706 /* LogoView.swift in Sources */,
				CF210B582665AF9300D7A680 /* MockData.swift in Sources */,
				CF415275265B41F000266F26 /* LocationDetailView.swift in Sources */,
				CF210B5F2666623A00D7A680 /* AlertItem.swift in Sources */,
				CF210B562665AE0000D7A680 /* DDGProfile.swift in Sources */,
				CF210B542665A9FE00D7A680 /* DDGLocation.swift in Sources */,
				CF41526D265B1D3300266F26 /* AppTabView.swift in Sources */,
				CF415273265B1D9A00266F26 /* ProfileView.swift in Sources */,
				CF9D9FEB26687BA0008ADFFF /* LocationManager.swift in Sources */,
				CF210B622666693400D7A680 /* LocationMapViewModel.swift in Sources */,
				CF210B5B26665C2200D7A680 /* CloudKitManager.swift in Sources */,
				CF2B8121265FD19F001E1916 /* View+Ext.swift in Sources */,
				CF2B811B265F1667001E1916 /* LocationCell.swift in Sources */,
				CF0BA6782660785A004FBDF7 /* DDGButton.swift in Sources */,
				CF2B811D265F16B8001E1916 /* AvatarView.swift in Sources */,
				CF41526B265B1CED00266F26 /* Color+Ext.swift in Sources */,
				CF303E59268950B90009A706 /* OnboardingView.swift in Sources */,
				CF303E5E2689574B0009A706 /* XDismissButton.swift in Sources */,
			);
			runOnlyForDeploymentPostprocessing = 0;
		};
/* End PBXSourcesBuildPhase section */

/* Begin XCBuildConfiguration section */
		CF415261265B198C00266F26 /* Debug */ = {
			isa = XCBuildConfiguration;
			buildSettings = {
				ALWAYS_SEARCH_USER_PATHS = NO;
				CLANG_ANALYZER_NONNULL = YES;
				CLANG_ANALYZER_NUMBER_OBJECT_CONVERSION = YES_AGGRESSIVE;
				CLANG_CXX_LANGUAGE_STANDARD = "gnu++14";
				CLANG_CXX_LIBRARY = "libc++";
				CLANG_ENABLE_MODULES = YES;
				CLANG_ENABLE_OBJC_ARC = YES;
				CLANG_ENABLE_OBJC_WEAK = YES;
				CLANG_WARN_BLOCK_CAPTURE_AUTORELEASING = YES;
				CLANG_WARN_BOOL_CONVERSION = YES;
				CLANG_WARN_COMMA = YES;
				CLANG_WARN_CONSTANT_CONVERSION = YES;
				CLANG_WARN_DEPRECATED_OBJC_IMPLEMENTATIONS = YES;
				CLANG_WARN_DIRECT_OBJC_ISA_USAGE = YES_ERROR;
				CLANG_WARN_DOCUMENTATION_COMMENTS = YES;
				CLANG_WARN_EMPTY_BODY = YES;
				CLANG_WARN_ENUM_CONVERSION = YES;
				CLANG_WARN_INFINITE_RECURSION = YES;
				CLANG_WARN_INT_CONVERSION = YES;
				CLANG_WARN_NON_LITERAL_NULL_CONVERSION = YES;
				CLANG_WARN_OBJC_IMPLICIT_RETAIN_SELF = YES;
				CLANG_WARN_OBJC_LITERAL_CONVERSION = YES;
				CLANG_WARN_OBJC_ROOT_CLASS = YES_ERROR;
				CLANG_WARN_QUOTED_INCLUDE_IN_FRAMEWORK_HEADER = YES;
				CLANG_WARN_RANGE_LOOP_ANALYSIS = YES;
				CLANG_WARN_STRICT_PROTOTYPES = YES;
				CLANG_WARN_SUSPICIOUS_MOVE = YES;
				CLANG_WARN_UNGUARDED_AVAILABILITY = YES_AGGRESSIVE;
				CLANG_WARN_UNREACHABLE_CODE = YES;
				CLANG_WARN__DUPLICATE_METHOD_MATCH = YES;
				COPY_PHASE_STRIP = NO;
				DEBUG_INFORMATION_FORMAT = dwarf;
				ENABLE_STRICT_OBJC_MSGSEND = YES;
				ENABLE_TESTABILITY = YES;
				GCC_C_LANGUAGE_STANDARD = gnu11;
				GCC_DYNAMIC_NO_PIC = NO;
				GCC_NO_COMMON_BLOCKS = YES;
				GCC_OPTIMIZATION_LEVEL = 0;
				GCC_PREPROCESSOR_DEFINITIONS = (
					"DEBUG=1",
					"$(inherited)",
				);
				GCC_WARN_64_TO_32_BIT_CONVERSION = YES;
				GCC_WARN_ABOUT_RETURN_TYPE = YES_ERROR;
				GCC_WARN_UNDECLARED_SELECTOR = YES;
				GCC_WARN_UNINITIALIZED_AUTOS = YES_AGGRESSIVE;
				GCC_WARN_UNUSED_FUNCTION = YES;
				GCC_WARN_UNUSED_VARIABLE = YES;
				IPHONEOS_DEPLOYMENT_TARGET = 14.5;
				MTL_ENABLE_DEBUG_INFO = INCLUDE_SOURCE;
				MTL_FAST_MATH = YES;
				ONLY_ACTIVE_ARCH = YES;
				SDKROOT = iphoneos;
				SWIFT_ACTIVE_COMPILATION_CONDITIONS = DEBUG;
				SWIFT_OPTIMIZATION_LEVEL = "-Onone";
			};
			name = Debug;
		};
		CF415262265B198C00266F26 /* Release */ = {
			isa = XCBuildConfiguration;
			buildSettings = {
				ALWAYS_SEARCH_USER_PATHS = NO;
				CLANG_ANALYZER_NONNULL = YES;
				CLANG_ANALYZER_NUMBER_OBJECT_CONVERSION = YES_AGGRESSIVE;
				CLANG_CXX_LANGUAGE_STANDARD = "gnu++14";
				CLANG_CXX_LIBRARY = "libc++";
				CLANG_ENABLE_MODULES = YES;
				CLANG_ENABLE_OBJC_ARC = YES;
				CLANG_ENABLE_OBJC_WEAK = YES;
				CLANG_WARN_BLOCK_CAPTURE_AUTORELEASING = YES;
				CLANG_WARN_BOOL_CONVERSION = YES;
				CLANG_WARN_COMMA = YES;
				CLANG_WARN_CONSTANT_CONVERSION = YES;
				CLANG_WARN_DEPRECATED_OBJC_IMPLEMENTATIONS = YES;
				CLANG_WARN_DIRECT_OBJC_ISA_USAGE = YES_ERROR;
				CLANG_WARN_DOCUMENTATION_COMMENTS = YES;
				CLANG_WARN_EMPTY_BODY = YES;
				CLANG_WARN_ENUM_CONVERSION = YES;
				CLANG_WARN_INFINITE_RECURSION = YES;
				CLANG_WARN_INT_CONVERSION = YES;
				CLANG_WARN_NON_LITERAL_NULL_CONVERSION = YES;
				CLANG_WARN_OBJC_IMPLICIT_RETAIN_SELF = YES;
				CLANG_WARN_OBJC_LITERAL_CONVERSION = YES;
				CLANG_WARN_OBJC_ROOT_CLASS = YES_ERROR;
				CLANG_WARN_QUOTED_INCLUDE_IN_FRAMEWORK_HEADER = YES;
				CLANG_WARN_RANGE_LOOP_ANALYSIS = YES;
				CLANG_WARN_STRICT_PROTOTYPES = YES;
				CLANG_WARN_SUSPICIOUS_MOVE = YES;
				CLANG_WARN_UNGUARDED_AVAILABILITY = YES_AGGRESSIVE;
				CLANG_WARN_UNREACHABLE_CODE = YES;
				CLANG_WARN__DUPLICATE_METHOD_MATCH = YES;
				COPY_PHASE_STRIP = NO;
				DEBUG_INFORMATION_FORMAT = "dwarf-with-dsym";
				ENABLE_NS_ASSERTIONS = NO;
				ENABLE_STRICT_OBJC_MSGSEND = YES;
				GCC_C_LANGUAGE_STANDARD = gnu11;
				GCC_NO_COMMON_BLOCKS = YES;
				GCC_WARN_64_TO_32_BIT_CONVERSION = YES;
				GCC_WARN_ABOUT_RETURN_TYPE = YES_ERROR;
				GCC_WARN_UNDECLARED_SELECTOR = YES;
				GCC_WARN_UNINITIALIZED_AUTOS = YES_AGGRESSIVE;
				GCC_WARN_UNUSED_FUNCTION = YES;
				GCC_WARN_UNUSED_VARIABLE = YES;
				IPHONEOS_DEPLOYMENT_TARGET = 14.5;
				MTL_ENABLE_DEBUG_INFO = NO;
				MTL_FAST_MATH = YES;
				SDKROOT = iphoneos;
				SWIFT_COMPILATION_MODE = wholemodule;
				SWIFT_OPTIMIZATION_LEVEL = "-O";
				VALIDATE_PRODUCT = YES;
			};
			name = Release;
		};
		CF415264265B198C00266F26 /* Debug */ = {
			isa = XCBuildConfiguration;
			buildSettings = {
				ASSETCATALOG_COMPILER_APPICON_NAME = AppIcon;
				ASSETCATALOG_COMPILER_GLOBAL_ACCENT_COLOR_NAME = AccentColor;
				CODE_SIGN_ENTITLEMENTS = DubDubGrub/DubDubGrub.entitlements;
				CODE_SIGN_STYLE = Automatic;
				DEVELOPMENT_ASSET_PATHS = "\"DubDubGrub/Preview Content\"";
				DEVELOPMENT_TEAM = 7A3CKHSA94;
				ENABLE_PREVIEWS = YES;
				INFOPLIST_FILE = DubDubGrub/Info.plist;
				IPHONEOS_DEPLOYMENT_TARGET = 14.0;
				LD_RUNPATH_SEARCH_PATHS = (
					"$(inherited)",
					"@executable_path/Frameworks",
				);
				PRODUCT_BUNDLE_IDENTIFIER = com.pablocornejopierola.DubDubGrub;
				PRODUCT_NAME = "$(TARGET_NAME)";
				SWIFT_VERSION = 5.0;
				TARGETED_DEVICE_FAMILY = "1,2";
			};
			name = Debug;
		};
		CF415265265B198C00266F26 /* Release */ = {
			isa = XCBuildConfiguration;
			buildSettings = {
				ASSETCATALOG_COMPILER_APPICON_NAME = AppIcon;
				ASSETCATALOG_COMPILER_GLOBAL_ACCENT_COLOR_NAME = AccentColor;
				CODE_SIGN_ENTITLEMENTS = DubDubGrub/DubDubGrub.entitlements;
				CODE_SIGN_STYLE = Automatic;
				DEVELOPMENT_ASSET_PATHS = "\"DubDubGrub/Preview Content\"";
				DEVELOPMENT_TEAM = 7A3CKHSA94;
				ENABLE_PREVIEWS = YES;
				INFOPLIST_FILE = DubDubGrub/Info.plist;
				IPHONEOS_DEPLOYMENT_TARGET = 14.0;
				LD_RUNPATH_SEARCH_PATHS = (
					"$(inherited)",
					"@executable_path/Frameworks",
				);
				PRODUCT_BUNDLE_IDENTIFIER = com.pablocornejopierola.DubDubGrub;
				PRODUCT_NAME = "$(TARGET_NAME)";
				SWIFT_VERSION = 5.0;
				TARGETED_DEVICE_FAMILY = "1,2";
			};
			name = Release;
		};
/* End XCBuildConfiguration section */

/* Begin XCConfigurationList section */
		CF41524F265B198900266F26 /* Build configuration list for PBXProject "DubDubGrub" */ = {
			isa = XCConfigurationList;
			buildConfigurations = (
				CF415261265B198C00266F26 /* Debug */,
				CF415262265B198C00266F26 /* Release */,
			);
			defaultConfigurationIsVisible = 0;
			defaultConfigurationName = Release;
		};
		CF415263265B198C00266F26 /* Build configuration list for PBXNativeTarget "DubDubGrub" */ = {
			isa = XCConfigurationList;
			buildConfigurations = (
				CF415264265B198C00266F26 /* Debug */,
				CF415265265B198C00266F26 /* Release */,
			);
			defaultConfigurationIsVisible = 0;
			defaultConfigurationName = Release;
		};
/* End XCConfigurationList section */
	};
	rootObject = CF41524C265B198900266F26 /* Project object */;
}
